
Microsoft Visual Studio Solution File, Format Version 12.00
# Visual Studio Version 16
VisualStudioVersion = 16.0.31105.61
MinimumVisualStudioVersion = 10.0.40219.1
Project("{FAE04EC0-301F-11D3-BF4B-00C04F79EFBC}") = "QRCreator", "QRCreator.csproj", "{5B6F1BB0-A2C9-43B5-B606-B0B32762989B}"
EndProject
Project("{54435603-DBB4-11D2-8724-00A0C9A8B90C}") = "QrCreator.Setup", "..\QrCreator.Setup\QrCreator.Setup.vdproj", "{32FC6649-4224-4C6F-9896-40B4182577CD}"
EndProject
Global
	GlobalSection(SolutionConfigurationPlatforms) = preSolution
		Debug|Any CPU = Debug|Any CPU
		Release|Any CPU = Release|Any CPU
	EndGlobalSection
	GlobalSection(ProjectConfigurationPlatforms) = postSolution
		{5B6F1BB0-A2C9-43B5-B606-B0B32762989B}.Debug|Any CPU.ActiveCfg = Debug|Any CPU
		{5B6F1BB0-A2C9-43B5-B606-B0B32762989B}.Debug|Any CPU.Build.0 = Debug|Any CPU
		{5B6F1BB0-A2C9-43B5-B606-B0B32762989B}.Release|Any CPU.ActiveCfg = Release|Any CPU
		{5B6F1BB0-A2C9-43B5-B606-B0B32762989B}.Release|Any CPU.Build.0 = Release|Any CPU
		{32FC6649-4224-4C6F-9896-40B4182577CD}.Debug|Any CPU.ActiveCfg = Debug
		{32FC6649-4224-4C6F-9896-40B4182577CD}.Release|Any CPU.ActiveCfg = Release
	EndGlobalSection
	GlobalSection(SolutionProperties) = preSolution
		HideSolutionNode = FALSE
	EndGlobalSection
	GlobalSection(ExtensibilityGlobals) = postSolution
		SolutionGuid = {BEFF09C7-1F8A-4AA8-8868-9D889EC51098}
	EndGlobalSection
EndGlobal
